
Microsoft Visual Studio Solution File, Format Version 12.00
# Visual Studio 15
VisualStudioVersion = 15.0.27428.2037
MinimumVisualStudioVersion = 10.0.40219.1
Project("{FAE04EC0-301F-11D3-BF4B-00C04F79EFBC}") = "Scenarios.AsyncLambdas", "Scenarios.AsyncLambdas\Scenarios.AsyncLambdas.csproj", "{922A0363-C75C-4F57-8DA0-829076550A8B}"
EndProject
Project("{FAE04EC0-301F-11D3-BF4B-00C04F79EFBC}") = "Scenarios.AsyncObjectCreation", "Scenarios.AsyncObjectCreation\Scenarios.AsyncObjectCreation.csproj", "{6E8442A3-78BF-48BA-844A-C7AABD004B7B}"
EndProject
Project("{FAE04EC0-301F-11D3-BF4B-00C04F79EFBC}") = "Scenarios.Locking", "Scenarios.Locking\Scenarios.Locking.csproj", "{EB995BCB-BA43-401E-A19C-583CE6B80B07}"
EndProject
Project("{FAE04EC0-301F-11D3-BF4B-00C04F79EFBC}") = "Scenarios.TaskCompletionSource", "Scenarios.TaskCompletionSource\Scenarios.TaskCompletionSource.csproj", "{BF60D3AA-01C4-42F6-BE6B-C77D31B45603}"
EndProject
Global
	GlobalSection(SolutionConfigurationPlatforms) = preSolution
		Debug|Any CPU = Debug|Any CPU
		Release|Any CPU = Release|Any CPU
	EndGlobalSection
	GlobalSection(ProjectConfigurationPlatforms) = postSolution
		{922A0363-C75C-4F57-8DA0-829076550A8B}.Debug|Any CPU.ActiveCfg = Debug|Any CPU
		{922A0363-C75C-4F57-8DA0-829076550A8B}.Debug|Any CPU.Build.0 = Debug|Any CPU
		{922A0363-C75C-4F57-8DA0-829076550A8B}.Release|Any CPU.ActiveCfg = Release|Any CPU
		{922A0363-C75C-4F57-8DA0-829076550A8B}.Release|Any CPU.Build.0 = Release|Any CPU
		{6E8442A3-78BF-48BA-844A-C7AABD004B7B}.Debug|Any CPU.ActiveCfg = Debug|Any CPU
		{6E8442A3-78BF-48BA-844A-C7AABD004B7B}.Debug|Any CPU.Build.0 = Debug|Any CPU
		{6E8442A3-78BF-48BA-844A-C7AABD004B7B}.Release|Any CPU.ActiveCfg = Release|Any CPU
		{6E8442A3-78BF-48BA-844A-C7AABD004B7B}.Release|Any CPU.Build.0 = Release|Any CPU
		{EB995BCB-BA43-401E-A19C-583CE6B80B07}.Debug|Any CPU.ActiveCfg = Debug|Any CPU
		{EB995BCB-BA43-401E-A19C-583CE6B80B07}.Debug|Any CPU.Build.0 = Debug|Any CPU
		{EB995BCB-BA43-401E-A19C-583CE6B80B07}.Release|Any CPU.ActiveCfg = Release|Any CPU
		{EB995BCB-BA43-401E-A19C-583CE6B80B07}.Release|Any CPU.Build.0 = Release|Any CPU
		{BF60D3AA-01C4-42F6-BE6B-C77D31B45603}.Debug|Any CPU.ActiveCfg = Debug|Any CPU
		{BF60D3AA-01C4-42F6-BE6B-C77D31B45603}.Debug|Any CPU.Build.0 = Debug|Any CPU
		{BF60D3AA-01C4-42F6-BE6B-C77D31B45603}.Release|Any CPU.ActiveCfg = Release|Any CPU
		{BF60D3AA-01C4-42F6-BE6B-C77D31B45603}.Release|Any CPU.Build.0 = Release|Any CPU
	EndGlobalSection
	GlobalSection(SolutionProperties) = preSolution
		HideSolutionNode = FALSE
	EndGlobalSection
	GlobalSection(ExtensibilityGlobals) = postSolution
		SolutionGuid = {FDD92E77-EF17-4CF7-972A-26712CC0D1FA}
	EndGlobalSection
EndGlobal
